Microsoft Visual Studio Solution File, Format Version 12.00
# Visual Studio Version 17
VisualStudioVersion = 17.5.2.0
MinimumVisualStudioVersion = 10.0.40219.1
Project("{FAE04EC0-301F-11D3-BF4B-00C04F79EFBC}") = "PackageManager", "PackageManager.csproj", "{EEB5B59C-D08D-CABF-9DB5-63952A8E07A2}"
EndProject
Global
	GlobalSection(SolutionConfigurationPlatforms) = preSolution
		Debug|Any CPU = Debug|Any CPU
		Release|Any CPU = Release|Any CPU
	EndGlobalSection
	GlobalSection(ProjectConfigurationPlatforms) = postSolution
		{EEB5B59C-D08D-CABF-9DB5-63952A8E07A2}.Debug|Any CPU.ActiveCfg = Debug|Any CPU
		{EEB5B59C-D08D-CABF-9DB5-63952A8E07A2}.Debug|Any CPU.Build.0 = Debug|Any CPU
		{EEB5B59C-D08D-CABF-9DB5-63952A8E07A2}.Release|Any CPU.ActiveCfg = Release|Any CPU
		{EEB5B59C-D08D-CABF-9DB5-63952A8E07A2}.Release|Any CPU.Build.0 = Release|Any CPU
	EndGlobalSection
	GlobalSection(SolutionProperties) = preSolution
		HideSolutionNode = FALSE
	EndGlobalSection
	GlobalSection(ExtensibilityGlobals) = postSolution
		SolutionGuid = {143F3219-59A9-401F-8813-5959E980E906}
	EndGlobalSection
EndGlobal
